// !$*UTF8*$!
{
	archiveVersion = 1;
	classes = {
	};
	objectVersion = 56;
	objects = {

/* Begin PBXBuildFile section */
		6B173C3E2C46BBEF00FD3F3F /* AppDelegate.swift in Sources */ = {isa = PBXBuildFile; fileRef = 6B173C3D2C46BBEF00FD3F3F /* AppDelegate.swift */; };
		6B173C402C46BBEF00FD3F3F /* SceneDelegate.swift in Sources */ = {isa = PBXBuildFile; fileRef = 6B173C3F2C46BBEF00FD3F3F /* SceneDelegate.swift */; };
		6B173C422C46BBEF00FD3F3F /* MainViewController.swift in Sources */ = {isa = PBXBuildFile; fileRef = 6B173C412C46BBEF00FD3F3F /* MainViewController.swift */; };
		6B173C472C46BBF000FD3F3F /* Assets.xcassets in Resources */ = {isa = PBXBuildFile; fileRef = 6B173C462C46BBF000FD3F3F /* Assets.xcassets */; };
		6B173C4A2C46BBF000FD3F3F /* Base in Resources */ = {isa = PBXBuildFile; fileRef = 6B173C492C46BBF000FD3F3F /* Base */; };
		6B173C542C46C37600FD3F3F /* SnowBackgroundView.swift in Sources */ = {isa = PBXBuildFile; fileRef = 6B173C532C46C37600FD3F3F /* SnowBackgroundView.swift */; };
		6B173C562C46CF0F00FD3F3F /* ViewManager.swift in Sources */ = {isa = PBXBuildFile; fileRef = 6B173C552C46CF0F00FD3F3F /* ViewManager.swift */; };
		6B173C582C46CF7400FD3F3F /* ViewBuilder.swift in Sources */ = {isa = PBXBuildFile; fileRef = 6B173C572C46CF7400FD3F3F /* ViewBuilder.swift */; };
		6B173C5A2C46D20900FD3F3F /* WeatherCell.swift in Sources */ = {isa = PBXBuildFile; fileRef = 6B173C592C46D20900FD3F3F /* WeatherCell.swift */; };
		6B173C5C2C46F1A300FD3F3F /* SunBackgroundView.swift in Sources */ = {isa = PBXBuildFile; fileRef = 6B173C5B2C46F1A300FD3F3F /* SunBackgroundView.swift */; };
		6B173C5F2C47F3E600FD3F3F /* RainyBackgroundView.swift in Sources */ = {isa = PBXBuildFile; fileRef = 6B173C5E2C47F3E600FD3F3F /* RainyBackgroundView.swift */; };
		6B173C612C482E9200FD3F3F /* StarryNightBackgroundView.swift in Sources */ = {isa = PBXBuildFile; fileRef = 6B173C602C482E9200FD3F3F /* StarryNightBackgroundView.swift */; };
/* End PBXBuildFile section */

/* Begin PBXFileReference section */
		6B173C3A2C46BBEF00FD3F3F /* SkyCast.app */ = {isa = PBXFileReference; explicitFileType = wrapper.application; includeInIndex = 0; path = SkyCast.app; sourceTree = BUILT_PRODUCTS_DIR; };
		6B173C3D2C46BBEF00FD3F3F /* AppDelegate.swift */ = {isa = PBXFileReference; lastKnownFileType = sourcecode.swift; path = AppDelegate.swift; sourceTree = "<group>"; };
		6B173C3F2C46BBEF00FD3F3F /* SceneDelegate.swift */ = {isa = PBXFileReference; lastKnownFileType = sourcecode.swift; path = SceneDelegate.swift; sourceTree = "<group>"; };
		6B173C412C46BBEF00FD3F3F /* MainViewController.swift */ = {isa = PBXFileReference; lastKnownFileType = sourcecode.swift; path = MainViewController.swift; sourceTree = "<group>"; };
		6B173C462C46BBF000FD3F3F /* Assets.xcassets */ = {isa = PBXFileReference; lastKnownFileType = folder.assetcatalog; path = Assets.xcassets; sourceTree = "<group>"; };
		6B173C492C46BBF000FD3F3F /* Base */ = {isa = PBXFileReference; lastKnownFileType = file.storyboard; name = Base; path = Base.lproj/LaunchScreen.storyboard; sourceTree = "<group>"; };
		6B173C4B2C46BBF000FD3F3F /* Info.plist */ = {isa = PBXFileReference; lastKnownFileType = text.plist.xml; path = Info.plist; sourceTree = "<group>"; };
		6B173C532C46C37600FD3F3F /* SnowBackgroundView.swift */ = {isa = PBXFileReference; lastKnownFileType = sourcecode.swift; path = SnowBackgroundView.swift; sourceTree = "<group>"; };
		6B173C552C46CF0F00FD3F3F /* ViewManager.swift */ = {isa = PBXFileReference; lastKnownFileType = sourcecode.swift; path = ViewManager.swift; sourceTree = "<group>"; };
		6B173C572C46CF7400FD3F3F /* ViewBuilder.swift */ = {isa = PBXFileReference; lastKnownFileType = sourcecode.swift; path = ViewBuilder.swift; sourceTree = "<group>"; };
		6B173C592C46D20900FD3F3F /* WeatherCell.swift */ = {isa = PBXFileReference; lastKnownFileType = sourcecode.swift; path = WeatherCell.swift; sourceTree = "<group>"; };
		6B173C5B2C46F1A300FD3F3F /* SunBackgroundView.swift */ = {isa = PBXFileReference; lastKnownFileType = sourcecode.swift; path = SunBackgroundView.swift; sourceTree = "<group>"; };
		6B173C5E2C47F3E600FD3F3F /* RainyBackgroundView.swift */ = {isa = PBXFileReference; lastKnownFileType = sourcecode.swift; path = RainyBackgroundView.swift; sourceTree = "<group>"; };
		6B173C602C482E9200FD3F3F /* StarryNightBackgroundView.swift */ = {isa = PBXFileReference; lastKnownFileType = sourcecode.swift; path = StarryNightBackgroundView.swift; sourceTree = "<group>"; };
/* End PBXFileReference section */

/* Begin PBXFrameworksBuildPhase section */
		6B173C372C46BBEF00FD3F3F /* Frameworks */ = {
			isa = PBXFrameworksBuildPhase;
			buildActionMask = 2147483647;
			files = (
			);
			runOnlyForDeploymentPostprocessing = 0;
		};
/* End PBXFrameworksBuildPhase section */

/* Begin PBXGroup section */
		6B173C312C46BBEF00FD3F3F = {
			isa = PBXGroup;
			children = (
				6B173C3C2C46BBEF00FD3F3F /* SkyCast */,
				6B173C3B2C46BBEF00FD3F3F /* Products */,
			);
			sourceTree = "<group>";
		};
		6B173C3B2C46BBEF00FD3F3F /* Products */ = {
			isa = PBXGroup;
			children = (
				6B173C3A2C46BBEF00FD3F3F /* SkyCast.app */,
			);
			name = Products;
			sourceTree = "<group>";
		};
		6B173C3C2C46BBEF00FD3F3F /* SkyCast */ = {
			isa = PBXGroup;
			children = (
				6B173C512C46BD0D00FD3F3F /* Application */,
				6B173C412C46BBEF00FD3F3F /* MainViewController.swift */,
				6B173C552C46CF0F00FD3F3F /* ViewManager.swift */,
				6B173C572C46CF7400FD3F3F /* ViewBuilder.swift */,
				6B173C532C46C37600FD3F3F /* SnowBackgroundView.swift */,
				6B173C5B2C46F1A300FD3F3F /* SunBackgroundView.swift */,
				6B173C5E2C47F3E600FD3F3F /* RainyBackgroundView.swift */,
				6B173C602C482E9200FD3F3F /* StarryNightBackgroundView.swift */,
				6B173C5D2C47DA4B00FD3F3F /* Cells */,
				6B173C522C46BD5200FD3F3F /* Support */,
				6B173C4B2C46BBF000FD3F3F /* Info.plist */,
			);
			path = SkyCast;
			sourceTree = "<group>";
		};
		6B173C512C46BD0D00FD3F3F /* Application */ = {
			isa = PBXGroup;
			children = (
				6B173C3D2C46BBEF00FD3F3F /* AppDelegate.swift */,
				6B173C3F2C46BBEF00FD3F3F /* SceneDelegate.swift */,
			);
			path = Application;
			sourceTree = "<group>";
		};
		6B173C522C46BD5200FD3F3F /* Support */ = {
			isa = PBXGroup;
			children = (
				6B173C482C46BBF000FD3F3F /* LaunchScreen.storyboard */,
				6B173C462C46BBF000FD3F3F /* Assets.xcassets */,
			);
			path = Support;
			sourceTree = "<group>";
		};
		6B173C5D2C47DA4B00FD3F3F /* Cells */ = {
			isa = PBXGroup;
			children = (
				6B173C592C46D20900FD3F3F /* WeatherCell.swift */,
			);
			path = Cells;
			sourceTree = "<group>";
		};
/* End PBXGroup section */

/* Begin PBXNativeTarget section */
		6B173C392C46BBEF00FD3F3F /* SkyCast */ = {
			isa = PBXNativeTarget;
			buildConfigurationList = 6B173C4E2C46BBF000FD3F3F /* Build configuration list for PBXNativeTarget "SkyCast" */;
			buildPhases = (
				6B173C362C46BBEF00FD3F3F /* Sources */,
				6B173C372C46BBEF00FD3F3F /* Frameworks */,
				6B173C382C46BBEF00FD3F3F /* Resources */,
			);
			buildRules = (
			);
			dependencies = (
			);
			name = SkyCast;
			productName = SkyCast;
			productReference = 6B173C3A2C46BBEF00FD3F3F /* SkyCast.app */;
			productType = "com.apple.product-type.application";
		};
/* End PBXNativeTarget section */

/* Begin PBXProject section */
		6B173C322C46BBEF00FD3F3F /* Project object */ = {
			isa = PBXProject;
			attributes = {
				BuildIndependentTargetsInParallel = 1;
				LastSwiftUpdateCheck = 1540;
				LastUpgradeCheck = 1540;
				TargetAttributes = {
					6B173C392C46BBEF00FD3F3F = {
						CreatedOnToolsVersion = 15.4;
					};
				};
			};
			buildConfigurationList = 6B173C352C46BBEF00FD3F3F /* Build configuration list for PBXProject "SkyCast" */;
			compatibilityVersion = "Xcode 14.0";
			developmentRegion = en;
			hasScannedForEncodings = 0;
			knownRegions = (
				en,
				Base,
			);
			mainGroup = 6B173C312C46BBEF00FD3F3F;
			productRefGroup = 6B173C3B2C46BBEF00FD3F3F /* Products */;
			projectDirPath = "";
			projectRoot = "";
			targets = (
				6B173C392C46BBEF00FD3F3F /* SkyCast */,
			);
		};
/* End PBXProject section */

/* Begin PBXResourcesBuildPhase section */
		6B173C382C46BBEF00FD3F3F /* Resources */ = {
			isa = PBXResourcesBuildPhase;
			buildActionMask = 2147483647;
			files = (
				6B173C472C46BBF000FD3F3F /* Assets.xcassets in Resources */,
				6B173C4A2C46BBF000FD3F3F /* Base in Resources */,
			);
			runOnlyForDeploymentPostprocessing = 0;
		};
/* End PBXResourcesBuildPhase section */

/* Begin PBXSourcesBuildPhase section */
		6B173C362C46BBEF00FD3F3F /* Sources */ = {
			isa = PBXSourcesBuildPhase;
			buildActionMask = 2147483647;
			files = (
				6B173C422C46BBEF00FD3F3F /* MainViewController.swift in Sources */,
				6B173C5C2C46F1A300FD3F3F /* SunBackgroundView.swift in Sources */,
				6B173C3E2C46BBEF00FD3F3F /* AppDelegate.swift in Sources */,
				6B173C582C46CF7400FD3F3F /* ViewBuilder.swift in Sources */,
				6B173C5F2C47F3E600FD3F3F /* RainyBackgroundView.swift in Sources */,
				6B173C562C46CF0F00FD3F3F /* ViewManager.swift in Sources */,
				6B173C402C46BBEF00FD3F3F /* SceneDelegate.swift in Sources */,
				6B173C542C46C37600FD3F3F /* SnowBackgroundView.swift in Sources */,
				6B173C612C482E9200FD3F3F /* StarryNightBackgroundView.swift in Sources */,
				6B173C5A2C46D20900FD3F3F /* WeatherCell.swift in Sources */,
			);
			runOnlyForDeploymentPostprocessing = 0;
		};
/* End PBXSourcesBuildPhase section */

/* Begin PBXVariantGroup section */
		6B173C482C46BBF000FD3F3F /* LaunchScreen.storyboard */ = {
			isa = PBXVariantGroup;
			children = (
				6B173C492C46BBF000FD3F3F /* Base */,
			);
			name = LaunchScreen.storyboard;
			sourceTree = "<group>";
		};
/* End PBXVariantGroup section */

/* Begin XCBuildConfiguration section */
		6B173C4C2C46BBF000FD3F3F /* Debug */ = {
			isa = XCBuildConfiguration;
			buildSettings = {
				ALWAYS_SEARCH_USER_PATHS = NO;
				ASSETCATALOG_COMPILER_GENERATE_SWIFT_ASSET_SYMBOL_EXTENSIONS = YES;
				CLANG_ANALYZER_NONNULL = YES;
				CLANG_ANALYZER_NUMBER_OBJECT_CONVERSION = YES_AGGRESSIVE;
				CLANG_CXX_LANGUAGE_STANDARD = "gnu++20";
				CLANG_ENABLE_MODULES = YES;
				CLANG_ENABLE_OBJC_ARC = YES;
				CLANG_ENABLE_OBJC_WEAK = YES;
				CLANG_WARN_BLOCK_CAPTURE_AUTORELEASING = YES;
				CLANG_WARN_BOOL_CONVERSION = YES;
				CLANG_WARN_COMMA = YES;
				CLANG_WARN_CONSTANT_CONVERSION = YES;
				CLANG_WARN_DEPRECATED_OBJC_IMPLEMENTATIONS = YES;
				CLANG_WARN_DIRECT_OBJC_ISA_USAGE = YES_ERROR;
				CLANG_WARN_DOCUMENTATION_COMMENTS = YES;
				CLANG_WARN_EMPTY_BODY = YES;
				CLANG_WARN_ENUM_CONVERSION = YES;
				CLANG_WARN_INFINITE_RECURSION = YES;
				CLANG_WARN_INT_CONVERSION = YES;
				CLANG_WARN_NON_LITERAL_NULL_CONVERSION = YES;
				CLANG_WARN_OBJC_IMPLICIT_RETAIN_SELF = YES;
				CLANG_WARN_OBJC_LITERAL_CONVERSION = YES;
				CLANG_WARN_OBJC_ROOT_CLASS = YES_ERROR;
				CLANG_WARN_QUOTED_INCLUDE_IN_FRAMEWORK_HEADER = YES;
				CLANG_WARN_RANGE_LOOP_ANALYSIS = YES;
				CLANG_WARN_STRICT_PROTOTYPES = YES;
				CLANG_WARN_SUSPICIOUS_MOVE = YES;
				CLANG_WARN_UNGUARDED_AVAILABILITY = YES_AGGRESSIVE;
				CLANG_WARN_UNREACHABLE_CODE = YES;
				CLANG_WARN__DUPLICATE_METHOD_MATCH = YES;
				COPY_PHASE_STRIP = NO;
				DEBUG_INFORMATION_FORMAT = dwarf;
				ENABLE_STRICT_OBJC_MSGSEND = YES;
				ENABLE_TESTABILITY = YES;
				ENABLE_USER_SCRIPT_SANDBOXING = YES;
				GCC_C_LANGUAGE_STANDARD = gnu17;
				GCC_DYNAMIC_NO_PIC = NO;
				GCC_NO_COMMON_BLOCKS = YES;
				GCC_OPTIMIZATION_LEVEL = 0;
				GCC_PREPROCESSOR_DEFINITIONS = (
					"DEBUG=1",
					"$(inherited)",
				);
				GCC_WARN_64_TO_32_BIT_CONVERSION = YES;
				GCC_WARN_ABOUT_RETURN_TYPE = YES_ERROR;
				GCC_WARN_UNDECLARED_SELECTOR = YES;
				GCC_WARN_UNINITIALIZED_AUTOS = YES_AGGRESSIVE;
				GCC_WARN_UNUSED_FUNCTION = YES;
				GCC_WARN_UNUSED_VARIABLE = YES;
				IPHONEOS_DEPLOYMENT_TARGET = 17.5;
				LOCALIZATION_PREFERS_STRING_CATALOGS = YES;
				MTL_ENABLE_DEBUG_INFO = INCLUDE_SOURCE;
				MTL_FAST_MATH = YES;
				ONLY_ACTIVE_ARCH = YES;
				SDKROOT = iphoneos;
				SWIFT_ACTIVE_COMPILATION_CONDITIONS = "DEBUG $(inherited)";
				SWIFT_OPTIMIZATION_LEVEL = "-Onone";
			};
			name = Debug;
		};
		6B173C4D2C46BBF000FD3F3F /* Release */ = {
			isa = XCBuildConfiguration;
			buildSettings = {
				ALWAYS_SEARCH_USER_PATHS = NO;
				ASSETCATALOG_COMPILER_GENERATE_SWIFT_ASSET_SYMBOL_EXTENSIONS = YES;
				CLANG_ANALYZER_NONNULL = YES;
				CLANG_ANALYZER_NUMBER_OBJECT_CONVERSION = YES_AGGRESSIVE;
				CLANG_CXX_LANGUAGE_STANDARD = "gnu++20";
				CLANG_ENABLE_MODULES = YES;
				CLANG_ENABLE_OBJC_ARC = YES;
				CLANG_ENABLE_OBJC_WEAK = YES;
				CLANG_WARN_BLOCK_CAPTURE_AUTORELEASING = YES;
				CLANG_WARN_BOOL_CONVERSION = YES;
				CLANG_WARN_COMMA = YES;
				CLANG_WARN_CONSTANT_CONVERSION = YES;
				CLANG_WARN_DEPRECATED_OBJC_IMPLEMENTATIONS = YES;
				CLANG_WARN_DIRECT_OBJC_ISA_USAGE = YES_ERROR;
				CLANG_WARN_DOCUMENTATION_COMMENTS = YES;
				CLANG_WARN_EMPTY_BODY = YES;
				CLANG_WARN_ENUM_CONVERSION = YES;
				CLANG_WARN_INFINITE_RECURSION = YES;
				CLANG_WARN_INT_CONVERSION = YES;
				CLANG_WARN_NON_LITERAL_NULL_CONVERSION = YES;
				CLANG_WARN_OBJC_IMPLICIT_RETAIN_SELF = YES;
				CLANG_WARN_OBJC_LITERAL_CONVERSION = YES;
				CLANG_WARN_OBJC_ROOT_CLASS = YES_ERROR;
				CLANG_WARN_QUOTED_INCLUDE_IN_FRAMEWORK_HEADER = YES;
				CLANG_WARN_RANGE_LOOP_ANALYSIS = YES;
				CLANG_WARN_STRICT_PROTOTYPES = YES;
				CLANG_WARN_SUSPICIOUS_MOVE = YES;
				CLANG_WARN_UNGUARDED_AVAILABILITY = YES_AGGRESSIVE;
				CLANG_WARN_UNREACHABLE_CODE = YES;
				CLANG_WARN__DUPLICATE_METHOD_MATCH = YES;
				COPY_PHASE_STRIP = NO;
				DEBUG_INFORMATION_FORMAT = "dwarf-with-dsym";
				ENABLE_NS_ASSERTIONS = NO;
				ENABLE_STRICT_OBJC_MSGSEND = YES;
				ENABLE_USER_SCRIPT_SANDBOXING = YES;
				GCC_C_LANGUAGE_STANDARD = gnu17;
				GCC_NO_COMMON_BLOCKS = YES;
				GCC_WARN_64_TO_32_BIT_CONVERSION = YES;
				GCC_WARN_ABOUT_RETURN_TYPE = YES_ERROR;
				GCC_WARN_UNDECLARED_SELECTOR = YES;
				GCC_WARN_UNINITIALIZED_AUTOS = YES_AGGRESSIVE;
				GCC_WARN_UNUSED_FUNCTION = YES;
				GCC_WARN_UNUSED_VARIABLE = YES;
				IPHONEOS_DEPLOYMENT_TARGET = 17.5;
				LOCALIZATION_PREFERS_STRING_CATALOGS = YES;
				MTL_ENABLE_DEBUG_INFO = NO;
				MTL_FAST_MATH = YES;
				SDKROOT = iphoneos;
				SWIFT_COMPILATION_MODE = wholemodule;
				VALIDATE_PRODUCT = YES;
			};
			name = Release;
		};
		6B173C4F2C46BBF000FD3F3F /* Debug */ = {
			isa = XCBuildConfiguration;
			buildSettings = {
				ASSETCATALOG_COMPILER_APPICON_NAME = AppIcon;
				ASSETCATALOG_COMPILER_GLOBAL_ACCENT_COLOR_NAME = AccentColor;
				CODE_SIGN_STYLE = Automatic;
				CURRENT_PROJECT_VERSION = 1;
				GENERATE_INFOPLIST_FILE = YES;
				INFOPLIST_FILE = SkyCast/Info.plist;
				INFOPLIST_KEY_UIApplicationSupportsIndirectInputEvents = YES;
				INFOPLIST_KEY_UILaunchStoryboardName = LaunchScreen;
				INFOPLIST_KEY_UISupportedInterfaceOrientations = UIInterfaceOrientationPortrait;
				INFOPLIST_KEY_UISupportedInterfaceOrientations_iPad = "UIInterfaceOrientationLandscapeLeft UIInterfaceOrientationLandscapeRight UIInterfaceOrientationPortrait UIInterfaceOrientationPortraitUpsideDown";
				LD_RUNPATH_SEARCH_PATHS = (
					"$(inherited)",
					"@executable_path/Frameworks",
				);
				MARKETING_VERSION = 1.0;
				PRODUCT_BUNDLE_IDENTIFIER = Vasilii.SkyCast;
				PRODUCT_NAME = "$(TARGET_NAME)";
				SUPPORTED_PLATFORMS = "iphoneos iphonesimulator";
				SUPPORTS_MACCATALYST = NO;
				SUPPORTS_MAC_DESIGNED_FOR_IPHONE_IPAD = NO;
				SUPPORTS_XR_DESIGNED_FOR_IPHONE_IPAD = NO;
				SWIFT_EMIT_LOC_STRINGS = YES;
				SWIFT_VERSION = 5.0;
				TARGETED_DEVICE_FAMILY = 1;
			};
			name = Debug;
		};
		6B173C502C46BBF000FD3F3F /* Release */ = {
			isa = XCBuildConfiguration;
			buildSettings = {
				ASSETCATALOG_COMPILER_APPICON_NAME = AppIcon;
				ASSETCATALOG_COMPILER_GLOBAL_ACCENT_COLOR_NAME = AccentColor;
				CODE_SIGN_STYLE = Automatic;
				CURRENT_PROJECT_VERSION = 1;
				GENERATE_INFOPLIST_FILE = YES;
				INFOPLIST_FILE = SkyCast/Info.plist;
				INFOPLIST_KEY_UIApplicationSupportsIndirectInputEvents = YES;
				INFOPLIST_KEY_UILaunchStoryboardName = LaunchScreen;
				INFOPLIST_KEY_UISupportedInterfaceOrientations = UIInterfaceOrientationPortrait;
				INFOPLIST_KEY_UISupportedInterfaceOrientations_iPad = "UIInterfaceOrientationLandscapeLeft UIInterfaceOrientationLandscapeRight UIInterfaceOrientationPortrait UIInterfaceOrientationPortraitUpsideDown";
				LD_RUNPATH_SEARCH_PATHS = (
					"$(inherited)",
					"@executable_path/Frameworks",
				);
				MARKETING_VERSION = 1.0;
				PRODUCT_BUNDLE_IDENTIFIER = Vasilii.SkyCast;
				PRODUCT_NAME = "$(TARGET_NAME)";
				SUPPORTED_PLATFORMS = "iphoneos iphonesimulator";
				SUPPORTS_MACCATALYST = NO;
				SUPPORTS_MAC_DESIGNED_FOR_IPHONE_IPAD = NO;
				SUPPORTS_XR_DESIGNED_FOR_IPHONE_IPAD = NO;
				SWIFT_EMIT_LOC_STRINGS = YES;
				SWIFT_VERSION = 5.0;
				TARGETED_DEVICE_FAMILY = 1;
			};
			name = Release;
		};
/* End XCBuildConfiguration section */

/* Begin XCConfigurationList section */
		6B173C352C46BBEF00FD3F3F /* Build configuration list for PBXProject "SkyCast" */ = {
			isa = XCConfigurationList;
			buildConfigurations = (
				6B173C4C2C46BBF000FD3F3F /* Debug */,
				6B173C4D2C46BBF000FD3F3F /* Release */,
			);
			defaultConfigurationIsVisible = 0;
			defaultConfigurationName = Release;
		};
		6B173C4E2C46BBF000FD3F3F /* Build configuration list for PBXNativeTarget "SkyCast" */ = {
			isa = XCConfigurationList;
			buildConfigurations = (
				6B173C4F2C46BBF000FD3F3F /* Debug */,
				6B173C502C46BBF000FD3F3F /* Release */,
			);
			defaultConfigurationIsVisible = 0;
			defaultConfigurationName = Release;
		};
/* End XCConfigurationList section */
	};
	rootObject = 6B173C322C46BBEF00FD3F3F /* Project object */;
}
